
Microsoft Visual Studio Solution File, Format Version 12.00
# Visual Studio 15
VisualStudioVersion = 15.0.26430.15
MinimumVisualStudioVersion = 10.0.40219.1
Project("{2150E333-8FDC-42A3-9474-1A3956D46DE8}") = "Engine", "Engine", "{BB4EC9CF-EDC6-46BC-9E91-6AE9D6A25C89}"
EndProject
Project("{2150E333-8FDC-42A3-9474-1A3956D46DE8}") = "Games", "Games", "{1C16D63D-671E-4D7B-B218-89588EF15291}"
EndProject
Project("{8BC9CEB8-8B4A-11D0-8D11-00A0C91BC942}") = "UE4", "Intermediate\ProjectFiles\UE4.vcxproj", "{D3EE470A-9FBC-43F6-8CA6-07E357E75168}"
EndProject
Project("{8BC9CEB8-8B4A-11D0-8D11-00A0C91BC942}") = "S03_BuildingEscape", "Intermediate\ProjectFiles\S03_BuildingEscape.vcxproj", "{50E7780B-DF68-41C8-97C0-1C3327CBB49C}"
EndProject
Global
	GlobalSection(SolutionConfigurationPlatforms) = preSolution
		DebugGame Editor|HTML5 = DebugGame Editor|HTML5
		DebugGame Editor|Win32 = DebugGame Editor|Win32
		DebugGame Editor|Win64 = DebugGame Editor|Win64
		DebugGame|HTML5 = DebugGame|HTML5
		DebugGame|Win32 = DebugGame|Win32
		DebugGame|Win64 = DebugGame|Win64
		Development Editor|HTML5 = Development Editor|HTML5
		Development Editor|Win32 = Development Editor|Win32
		Development Editor|Win64 = Development Editor|Win64
		Development|HTML5 = Development|HTML5
		Development|Win32 = Development|Win32
		Development|Win64 = Development|Win64
		Shipping|HTML5 = Shipping|HTML5
		Shipping|Win32 = Shipping|Win32
		Shipping|Win64 = Shipping|Win64
	EndGlobalSection
	GlobalSection(ProjectConfigurationPlatforms) = postSolution
		{D3EE470A-9FBC-43F6-8CA6-07E357E75168}.DebugGame Editor|HTML5.ActiveCfg = BuiltWithUnrealBuildTool|Win32
		{D3EE470A-9FBC-43F6-8CA6-07E357E75168}.DebugGame Editor|HTML5.Build.0 = BuiltWithUnrealBuildTool|Win32
		{D3EE470A-9FBC-43F6-8CA6-07E357E75168}.DebugGame Editor|Win32.ActiveCfg = BuiltWithUnrealBuildTool|Win32
		{D3EE470A-9FBC-43F6-8CA6-07E357E75168}.DebugGame Editor|Win32.Build.0 = BuiltWithUnrealBuildTool|Win32
		{D3EE470A-9FBC-43F6-8CA6-07E357E75168}.DebugGame Editor|Win64.ActiveCfg = BuiltWithUnrealBuildTool|Win32
		{D3EE470A-9FBC-43F6-8CA6-07E357E75168}.DebugGame Editor|Win64.Build.0 = BuiltWithUnrealBuildTool|Win32
		{D3EE470A-9FBC-43F6-8CA6-07E357E75168}.DebugGame|HTML5.ActiveCfg = BuiltWithUnrealBuildTool|Win32
		{D3EE470A-9FBC-43F6-8CA6-07E357E75168}.DebugGame|HTML5.Build.0 = BuiltWithUnrealBuildTool|Win32
		{D3EE470A-9FBC-43F6-8CA6-07E357E75168}.DebugGame|Win32.ActiveCfg = BuiltWithUnrealBuildTool|Win32
		{D3EE470A-9FBC-43F6-8CA6-07E357E75168}.DebugGame|Win32.Build.0 = BuiltWithUnrealBuildTool|Win32
		{D3EE470A-9FBC-43F6-8CA6-07E357E75168}.DebugGame|Win64.ActiveCfg = BuiltWithUnrealBuildTool|Win32
		{D3EE470A-9FBC-43F6-8CA6-07E357E75168}.DebugGame|Win64.Build.0 = BuiltWithUnrealBuildTool|Win32
		{D3EE470A-9FBC-43F6-8CA6-07E357E75168}.Development Editor|HTML5.ActiveCfg = BuiltWithUnrealBuildTool|Win32
		{D3EE470A-9FBC-43F6-8CA6-07E357E75168}.Development Editor|HTML5.Build.0 = BuiltWithUnrealBuildTool|Win32
		{D3EE470A-9FBC-43F6-8CA6-07E357E75168}.Development Editor|Win32.ActiveCfg = BuiltWithUnrealBuildTool|Win32
		{D3EE470A-9FBC-43F6-8CA6-07E357E75168}.Development Editor|Win32.Build.0 = BuiltWithUnrealBuildTool|Win32
		{D3EE470A-9FBC-43F6-8CA6-07E357E75168}.Development Editor|Win64.ActiveCfg = BuiltWithUnrealBuildTool|Win32
		{D3EE470A-9FBC-43F6-8CA6-07E357E75168}.Development Editor|Win64.Build.0 = BuiltWithUnrealBuildTool|Win32
		{D3EE470A-9FBC-43F6-8CA6-07E357E75168}.Development|HTML5.ActiveCfg = BuiltWithUnrealBuildTool|Win32
		{D3EE470A-9FBC-43F6-8CA6-07E357E75168}.Development|HTML5.Build.0 = BuiltWithUnrealBuildTool|Win32
		{D3EE470A-9FBC-43F6-8CA6-07E357E75168}.Development|Win32.ActiveCfg = BuiltWithUnrealBuildTool|Win32
		{D3EE470A-9FBC-43F6-8CA6-07E357E75168}.Development|Win32.Build.0 = BuiltWithUnrealBuildTool|Win32
		{D3EE470A-9FBC-43F6-8CA6-07E357E75168}.Development|Win64.ActiveCfg = BuiltWithUnrealBuildTool|Win32
		{D3EE470A-9FBC-43F6-8CA6-07E357E75168}.Development|Win64.Build.0 = BuiltWithUnrealBuildTool|Win32
		{D3EE470A-9FBC-43F6-8CA6-07E357E75168}.Shipping|HTML5.ActiveCfg = BuiltWithUnrealBuildTool|Win32
		{D3EE470A-9FBC-43F6-8CA6-07E357E75168}.Shipping|HTML5.Build.0 = BuiltWithUnrealBuildTool|Win32
		{D3EE470A-9FBC-43F6-8CA6-07E357E75168}.Shipping|Win32.ActiveCfg = BuiltWithUnrealBuildTool|Win32
		{D3EE470A-9FBC-43F6-8CA6-07E357E75168}.Shipping|Win32.Build.0 = BuiltWithUnrealBuildTool|Win32
		{D3EE470A-9FBC-43F6-8CA6-07E357E75168}.Shipping|Win64.ActiveCfg = BuiltWithUnrealBuildTool|Win32
		{D3EE470A-9FBC-43F6-8CA6-07E357E75168}.Shipping|Win64.Build.0 = BuiltWithUnrealBuildTool|Win32
		{50E7780B-DF68-41C8-97C0-1C3327CBB49C}.DebugGame Editor|HTML5.ActiveCfg = HTML5_DebugGame_Editor|Win32
		{50E7780B-DF68-41C8-97C0-1C3327CBB49C}.DebugGame Editor|Win32.ActiveCfg = DebugGame_Editor|Win32
		{50E7780B-DF68-41C8-97C0-1C3327CBB49C}.DebugGame Editor|Win64.ActiveCfg = DebugGame_Editor|x64
		{50E7780B-DF68-41C8-97C0-1C3327CBB49C}.DebugGame Editor|Win64.Build.0 = DebugGame_Editor|x64
		{50E7780B-DF68-41C8-97C0-1C3327CBB49C}.DebugGame|HTML5.ActiveCfg = HTML5_DebugGame_Game|Win32
		{50E7780B-DF68-41C8-97C0-1C3327CBB49C}.DebugGame|HTML5.Build.0 = HTML5_DebugGame_Game|Win32
		{50E7780B-DF68-41C8-97C0-1C3327CBB49C}.DebugGame|Win32.ActiveCfg = DebugGame_Game|Win32
		{50E7780B-DF68-41C8-97C0-1C3327CBB49C}.DebugGame|Win32.Build.0 = DebugGame_Game|Win32
		{50E7780B-DF68-41C8-97C0-1C3327CBB49C}.DebugGame|Win64.ActiveCfg = DebugGame_Game|x64
		{50E7780B-DF68-41C8-97C0-1C3327CBB49C}.DebugGame|Win64.Build.0 = DebugGame_Game|x64
		{50E7780B-DF68-41C8-97C0-1C3327CBB49C}.Development Editor|HTML5.ActiveCfg = HTML5_Development_Editor|Win32
		{50E7780B-DF68-41C8-97C0-1C3327CBB49C}.Development Editor|Win32.ActiveCfg = Development_Editor|Win32
		{50E7780B-DF68-41C8-97C0-1C3327CBB49C}.Development Editor|Win64.ActiveCfg = Development_Editor|x64
		{50E7780B-DF68-41C8-97C0-1C3327CBB49C}.Development Editor|Win64.Build.0 = Development_Editor|x64
		{50E7780B-DF68-41C8-97C0-1C3327CBB49C}.Development|HTML5.ActiveCfg = HTML5_Development_Game|Win32
		{50E7780B-DF68-41C8-97C0-1C3327CBB49C}.Development|HTML5.Build.0 = HTML5_Development_Game|Win32
		{50E7780B-DF68-41C8-97C0-1C3327CBB49C}.Development|Win32.ActiveCfg = Development_Game|Win32
		{50E7780B-DF68-41C8-97C0-1C3327CBB49C}.Development|Win32.Build.0 = Development_Game|Win32
		{50E7780B-DF68-41C8-97C0-1C3327CBB49C}.Development|Win64.ActiveCfg = Development_Game|x64
		{50E7780B-DF68-41C8-97C0-1C3327CBB49C}.Development|Win64.Build.0 = Development_Game|x64
		{50E7780B-DF68-41C8-97C0-1C3327CBB49C}.Shipping|HTML5.ActiveCfg = HTML5_Shipping_Game|Win32
		{50E7780B-DF68-41C8-97C0-1C3327CBB49C}.Shipping|HTML5.Build.0 = HTML5_Shipping_Game|Win32
		{50E7780B-DF68-41C8-97C0-1C3327CBB49C}.Shipping|Win32.ActiveCfg = Shipping_Game|Win32
		{50E7780B-DF68-41C8-97C0-1C3327CBB49C}.Shipping|Win32.Build.0 = Shipping_Game|Win32
		{50E7780B-DF68-41C8-97C0-1C3327CBB49C}.Shipping|Win64.ActiveCfg = Shipping_Game|x64
		{50E7780B-DF68-41C8-97C0-1C3327CBB49C}.Shipping|Win64.Build.0 = Shipping_Game|x64
	EndGlobalSection
	GlobalSection(SolutionProperties) = preSolution
		HideSolutionNode = FALSE
	EndGlobalSection
	GlobalSection(NestedProjects) = preSolution
		{D3EE470A-9FBC-43F6-8CA6-07E357E75168} = {BB4EC9CF-EDC6-46BC-9E91-6AE9D6A25C89}
		{50E7780B-DF68-41C8-97C0-1C3327CBB49C} = {1C16D63D-671E-4D7B-B218-89588EF15291}
	EndGlobalSection
EndGlobal
